PODS:
  - AeroAccess (0.0.9):
    - Alamofire
    - MistSDKDR
    - RealmSwift (~> 10)
  - Alamofire (5.8.1)
  - MistSDKDR (2.0.7)
  - Realm (10.45.1):
    - Realm/Headers (= 10.45.1)
  - Realm/Headers (10.45.1)
  - RealmSwift (10.45.1):
    - Realm (= 10.45.1)

DEPENDENCIES:
  - AeroAccess
  - Alamofire
  - MistSDKDR
  - RealmSwift (~> 10)

SPEC REPOS:
  trunk:
    - AeroAccess
    - Alamofire
    - MistSDKDR
    - Realm
    - RealmSwift

SPEC CHECKSUMS:
  AeroAccess: f6a72583961b7f88b9610e66395ef6632ea88ef5
  Alamofire: 3ca42e259043ee0dc5c0cdd76c4bc568b8e42af7
  MistSDKDR: df5f0e8e4695f63ceda4f7604e96fa7ae2e8bc8f
  Realm: e0bee0f167c0165312d80cb0def019fdb6a26be8
  RealmSwift: 2a92c510fee3dace3e0ad809c2f10c6a6a4b65d5

PODFILE CHECKSUM: c7e169ded5a5ed9f2bd3adb7e783062e2ed6c6eb

COCOAPODS: 1.12.1
